
Microsoft Visual Studio Solution File, Format Version 12.00
# Visual Studio Version 16
VisualStudioVersion = 16.0.31112.23
MinimumVisualStudioVersion = 10.0.40219.1
Project("{FAE04EC0-301F-11D3-BF4B-00C04F79EFBC}") = "LSS", "LSS\LSS.csproj", "{26F9269B-1B7D-4F08-899D-630D1C7C3783}"
EndProject
Project("{2150E333-8FDC-42A3-9474-1A3956D46DE8}") = "Solution Items", "Solution Items", "{09BBB5D7-083D-4012-8AF7-82477B5586BD}"
	ProjectSection(SolutionItems) = preProject
		.editorconfig = .editorconfig
	EndProjectSection
EndProject
Global
	GlobalSection(SolutionConfigurationPlatforms) = preSolution
		Debug|Any CPU = Debug|Any CPU
		Release|Any CPU = Release|Any CPU
	EndGlobalSection
	GlobalSection(ProjectConfigurationPlatforms) = postSolution
		{26F9269B-1B7D-4F08-899D-630D1C7C3783}.Debug|Any CPU.ActiveCfg = Debug|Any CPU
		{26F9269B-1B7D-4F08-899D-630D1C7C3783}.Debug|Any CPU.Build.0 = Debug|Any CPU
		{26F9269B-1B7D-4F08-899D-630D1C7C3783}.Release|Any CPU.ActiveCfg = Release|Any CPU
		{26F9269B-1B7D-4F08-899D-630D1C7C3783}.Release|Any CPU.Build.0 = Release|Any CPU
	EndGlobalSection
	GlobalSection(SolutionProperties) = preSolution
		HideSolutionNode = FALSE
	EndGlobalSection
	GlobalSection(ExtensibilityGlobals) = postSolution
		SolutionGuid = {E9F8870E-F438-4D00-9970-DD7C3FE52C79}
	EndGlobalSection
EndGlobal
